// !$*UTF8*$!
{
	archiveVersion = 1;
	classes = {
	};
	objectVersion = 48;
	objects = {

/* Begin PBXBuildFile section */
		C2BAC5481F77671900FAFD52 /* AppDelegate.swift in Sources */ = {isa = PBXBuildFile; fileRef = C2BAC5471F77671900FAFD52 /* AppDelegate.swift */; };
		C2BAC54A1F77671900FAFD52 /* ViewController.swift in Sources */ = {isa = PBXBuildFile; fileRef = C2BAC5491F77671900FAFD52 /* ViewController.swift */; };
		C2BAC54D1F77671900FAFD52 /* Main.storyboard in Resources */ = {isa = PBXBuildFile; fileRef = C2BAC54B1F77671900FAFD52 /* Main.storyboard */; };
		C2BAC54F1F77671900FAFD52 /* Assets.xcassets in Resources */ = {isa = PBXBuildFile; fileRef = C2BAC54E1F77671900FAFD52 /* Assets.xcassets */; };
		C2BAC5521F77671900FAFD52 /* LaunchScreen.storyboard in Resources */ = {isa = PBXBuildFile; fileRef = C2BAC5501F77671900FAFD52 /* LaunchScreen.storyboard */; };
/* End PBXBuildFile section */

/* Begin PBXFileReference section */
		C2BAC5441F77671900FAFD52 /* funfunspell web.app */ = {isa = PBXFileReference; explicitFileType = wrapper.application; includeInIndex = 0; path = "funfunspell web.app"; sourceTree = BUILT_PRODUCTS_DIR; };
		C2BAC5471F77671900FAFD52 /* AppDelegate.swift */ = {isa = PBXFileReference; lastKnownFileType = sourcecode.swift; path = AppDelegate.swift; sourceTree = "<group>"; };
		C2BAC5491F77671900FAFD52 /* ViewController.swift */ = {isa = PBXFileReference; lastKnownFileType = sourcecode.swift; path = ViewController.swift; sourceTree = "<group>"; };
		C2BAC54C1F77671900FAFD52 /* Base */ = {isa = PBXFileReference; lastKnownFileType = file.storyboard; name = Base; path = Base.lproj/Main.storyboard; sourceTree = "<group>"; };
		C2BAC54E1F77671900FAFD52 /* Assets.xcassets */ = {isa = PBXFileReference; lastKnownFileType = folder.assetcatalog; path = Assets.xcassets; sourceTree = "<group>"; };
		C2BAC5511F77671900FAFD52 /* Base */ = {isa = PBXFileReference; lastKnownFileType = file.storyboard; name = Base; path = Base.lproj/LaunchScreen.storyboard; sourceTree = "<group>"; };
		C2BAC5531F77671900FAFD52 /* Info.plist */ = {isa = PBXFileReference; lastKnownFileType = text.plist.xml; path = Info.plist; sourceTree = "<group>"; };
/* End PBXFileReference section */

/* Begin PBXFrameworksBuildPhase section */
		C2BAC5411F77671900FAFD52 /* Frameworks */ = {
			isa = PBXFrameworksBuildPhase;
			buildActionMask = 2147483647;
			files = (
			);
			runOnlyForDeploymentPostprocessing = 0;
		};
/* End PBXFrameworksBuildPhase section */

/* Begin PBXGroup section */
		C2BAC53B1F77671900FAFD52 = {
			isa = PBXGroup;
			children = (
				C2BAC5461F77671900FAFD52 /* funfunspell web */,
				C2BAC5451F77671900FAFD52 /* Products */,
				C2CB721A1F7D44FB00C4F490 /* Frameworks */,
			);
			sourceTree = "<group>";
		};
		C2BAC5451F77671900FAFD52 /* Products */ = {
			isa = PBXGroup;
			children = (
				C2BAC5441F77671900FAFD52 /* funfunspell web.app */,
			);
			name = Products;
			sourceTree = "<group>";
		};
		C2BAC5461F77671900FAFD52 /* funfunspell web */ = {
			isa = PBXGroup;
			children = (
				C2BAC5471F77671900FAFD52 /* AppDelegate.swift */,
				C2BAC5491F77671900FAFD52 /* ViewController.swift */,
				C2BAC54B1F77671900FAFD52 /* Main.storyboard */,
				C2BAC54E1F77671900FAFD52 /* Assets.xcassets */,
				C2BAC5501F77671900FAFD52 /* LaunchScreen.storyboard */,
				C2BAC5531F77671900FAFD52 /* Info.plist */,
			);
			path = "funfunspell web";
			sourceTree = "<group>";
		};
		C2CB721A1F7D44FB00C4F490 /* Frameworks */ = {
			isa = PBXGroup;
			children = (
			);
			name = Frameworks;
			sourceTree = "<group>";
		};
/* End PBXGroup section */

/* Begin PBXNativeTarget section */
		C2BAC5431F77671900FAFD52 /* funfunspell web */ = {
			isa = PBXNativeTarget;
			buildConfigurationList = C2BAC5561F77671900FAFD52 /* Build configuration list for PBXNativeTarget "funfunspell web" */;
			buildPhases = (
				C2BAC5401F77671900FAFD52 /* Sources */,
				C2BAC5411F77671900FAFD52 /* Frameworks */,
				C2BAC5421F77671900FAFD52 /* Resources */,
			);
			buildRules = (
			);
			dependencies = (
			);
			name = "funfunspell web";
			productName = "funfunspell web";
			productReference = C2BAC5441F77671900FAFD52 /* funfunspell web.app */;
			productType = "com.apple.product-type.application";
		};
/* End PBXNativeTarget section */

/* Begin PBXProject section */
		C2BAC53C1F77671900FAFD52 /* Project object */ = {
			isa = PBXProject;
			attributes = {
				LastSwiftUpdateCheck = 0900;
				LastUpgradeCheck = 0900;
				ORGANIZATIONNAME = "Timmy Wong";
				TargetAttributes = {
					C2BAC5431F77671900FAFD52 = {
						CreatedOnToolsVersion = 9.0;
						ProvisioningStyle = Automatic;
						SystemCapabilities = {
							com.apple.InterAppAudio = {
								enabled = 0;
							};
						};
					};
				};
			};
			buildConfigurationList = C2BAC53F1F77671900FAFD52 /* Build configuration list for PBXProject "funfunspell web" */;
			compatibilityVersion = "Xcode 8.0";
			developmentRegion = en;
			hasScannedForEncodings = 0;
			knownRegions = (
				en,
				Base,
			);
			mainGroup = C2BAC53B1F77671900FAFD52;
			productRefGroup = C2BAC5451F77671900FAFD52 /* Products */;
			projectDirPath = "";
			projectRoot = "";
			targets = (
				C2BAC5431F77671900FAFD52 /* funfunspell web */,
			);
		};
/* End PBXProject section */

/* Begin PBXResourcesBuildPhase section */
		C2BAC5421F77671900FAFD52 /* Resources */ = {
			isa = PBXResourcesBuildPhase;
			buildActionMask = 2147483647;
			files = (
				C2BAC5521F77671900FAFD52 /* LaunchScreen.storyboard in Resources */,
				C2BAC54F1F77671900FAFD52 /* Assets.xcassets in Resources */,
				C2BAC54D1F77671900FAFD52 /* Main.storyboard in Resources */,
			);
			runOnlyForDeploymentPostprocessing = 0;
		};
/* End PBXResourcesBuildPhase section */

/* Begin PBXSourcesBuildPhase section */
		C2BAC5401F77671900FAFD52 /* Sources */ = {
			isa = PBXSourcesBuildPhase;
			buildActionMask = 2147483647;
			files = (
				C2BAC54A1F77671900FAFD52 /* ViewController.swift in Sources */,
				C2BAC5481F77671900FAFD52 /* AppDelegate.swift in Sources */,
			);
			runOnlyForDeploymentPostprocessing = 0;
		};
/* End PBXSourcesBuildPhase section */

/* Begin PBXVariantGroup section */
		C2BAC54B1F77671900FAFD52 /* Main.storyboard */ = {
			isa = PBXVariantGroup;
			children = (
				C2BAC54C1F77671900FAFD52 /* Base */,
			);
			name = Main.storyboard;
			sourceTree = "<group>";
		};
		C2BAC5501F77671900FAFD52 /* LaunchScreen.storyboard */ = {
			isa = PBXVariantGroup;
			children = (
				C2BAC5511F77671900FAFD52 /* Base */,
			);
			name = LaunchScreen.storyboard;
			sourceTree = "<group>";
		};
/* End PBXVariantGroup section */

/* Begin XCBuildConfiguration section */
		C2BAC5541F77671900FAFD52 /* Debug */ = {
			isa = XCBuildConfiguration;
			buildSettings = {
				ALWAYS_SEARCH_USER_PATHS = NO;
				CLANG_ANALYZER_NONNULL = YES;
				CLANG_ANALYZER_NUMBER_OBJECT_CONVERSION = YES_AGGRESSIVE;
				CLANG_CXX_LANGUAGE_STANDARD = "gnu++14";
				CLANG_CXX_LIBRARY = "libc++";
				CLANG_ENABLE_MODULES = YES;
				CLANG_ENABLE_OBJC_ARC = YES;
				CLANG_WARN_BLOCK_CAPTURE_AUTORELEASING = YES;
				CLANG_WARN_BOOL_CONVERSION = YES;
				CLANG_WARN_COMMA = YES;
				CLANG_WARN_CONSTANT_CONVERSION = YES;
				CLANG_WARN_DIRECT_OBJC_ISA_USAGE = YES_ERROR;
				CLANG_WARN_DOCUMENTATION_COMMENTS = YES;
				CLANG_WARN_EMPTY_BODY = YES;
				CLANG_WARN_ENUM_CONVERSION = YES;
				CLANG_WARN_INFINITE_RECURSION = YES;
				CLANG_WARN_INT_CONVERSION = YES;
				CLANG_WARN_NON_LITERAL_NULL_CONVERSION = YES;
				CLANG_WARN_OBJC_LITERAL_CONVERSION = YES;
				CLANG_WARN_OBJC_ROOT_CLASS = YES_ERROR;
				CLANG_WARN_RANGE_LOOP_ANALYSIS = YES;
				CLANG_WARN_STRICT_PROTOTYPES = YES;
				CLANG_WARN_SUSPICIOUS_MOVE = YES;
				CLANG_WARN_UNGUARDED_AVAILABILITY = YES_AGGRESSIVE;
				CLANG_WARN_UNREACHABLE_CODE = YES;
				CLANG_WARN__DUPLICATE_METHOD_MATCH = YES;
				CODE_SIGN_IDENTITY = "iPhone Developer";
				COPY_PHASE_STRIP = NO;
				DEBUG_INFORMATION_FORMAT = dwarf;
				ENABLE_STRICT_OBJC_MSGSEND = YES;
				ENABLE_TESTABILITY = YES;
				GCC_C_LANGUAGE_STANDARD = gnu11;
				GCC_DYNAMIC_NO_PIC = NO;
				GCC_NO_COMMON_BLOCKS = YES;
				GCC_OPTIMIZATION_LEVEL = 0;
				GCC_PREPROCESSOR_DEFINITIONS = (
					"DEBUG=1",
					"$(inherited)",
				);
				GCC_WARN_64_TO_32_BIT_CONVERSION = YES;
				GCC_WARN_ABOUT_RETURN_TYPE = YES_ERROR;
				GCC_WARN_UNDECLARED_SELECTOR = YES;
				GCC_WARN_UNINITIALIZED_AUTOS = YES_AGGRESSIVE;
				GCC_WARN_UNUSED_FUNCTION = YES;
				GCC_WARN_UNUSED_VARIABLE = YES;
				IPHONEOS_DEPLOYMENT_TARGET = 11.0;
				MTL_ENABLE_DEBUG_INFO = YES;
				ONLY_ACTIVE_ARCH = YES;
				SDKROOT = iphoneos;
				SWIFT_ACTIVE_COMPILATION_CONDITIONS = DEBUG;
				SWIFT_OPTIMIZATION_LEVEL = "-Onone";
			};
			name = Debug;
		};
		C2BAC5551F77671900FAFD52 /* Release */ = {
			isa = XCBuildConfiguration;
			buildSettings = {
				ALWAYS_SEARCH_USER_PATHS = NO;
				CLANG_ANALYZER_NONNULL = YES;
				CLANG_ANALYZER_NUMBER_OBJECT_CONVERSION = YES_AGGRESSIVE;
				CLANG_CXX_LANGUAGE_STANDARD = "gnu++14";
				CLANG_CXX_LIBRARY = "libc++";
				CLANG_ENABLE_MODULES = YES;
				CLANG_ENABLE_OBJC_ARC = YES;
				CLANG_WARN_BLOCK_CAPTURE_AUTORELEASING = YES;
				CLANG_WARN_BOOL_CONVERSION = YES;
				CLANG_WARN_COMMA = YES;
				CLANG_WARN_CONSTANT_CONVERSION = YES;
				CLANG_WARN_DIRECT_OBJC_ISA_USAGE = YES_ERROR;
				CLANG_WARN_DOCUMENTATION_COMMENTS = YES;
				CLANG_WARN_EMPTY_BODY = YES;
				CLANG_WARN_ENUM_CONVERSION = YES;
				CLANG_WARN_INFINITE_RECURSION = YES;
				CLANG_WARN_INT_CONVERSION = YES;
				CLANG_WARN_NON_LITERAL_NULL_CONVERSION = YES;
				CLANG_WARN_OBJC_LITERAL_CONVERSION = YES;
				CLANG_WARN_OBJC_ROOT_CLASS = YES_ERROR;
				CLANG_WARN_RANGE_LOOP_ANALYSIS = YES;
				CLANG_WARN_STRICT_PROTOTYPES = YES;
				CLANG_WARN_SUSPICIOUS_MOVE = YES;
				CLANG_WARN_UNGUARDED_AVAILABILITY = YES_AGGRESSIVE;
				CLANG_WARN_UNREACHABLE_CODE = YES;
				CLANG_WARN__DUPLICATE_METHOD_MATCH = YES;
				CODE_SIGN_IDENTITY = "iPhone Developer";
				COPY_PHASE_STRIP = NO;
				DEBUG_INFORMATION_FORMAT = "dwarf-with-dsym";
				ENABLE_NS_ASSERTIONS = NO;
				ENABLE_STRICT_OBJC_MSGSEND = YES;
				GCC_C_LANGUAGE_STANDARD = gnu11;
				GCC_NO_COMMON_BLOCKS = YES;
				GCC_WARN_64_TO_32_BIT_CONVERSION = YES;
				GCC_WARN_ABOUT_RETURN_TYPE = YES_ERROR;
				GCC_WARN_UNDECLARED_SELECTOR = YES;
				GCC_WARN_UNINITIALIZED_AUTOS = YES_AGGRESSIVE;
				GCC_WARN_UNUSED_FUNCTION = YES;
				GCC_WARN_UNUSED_VARIABLE = YES;
				IPHONEOS_DEPLOYMENT_TARGET = 11.0;
				MTL_ENABLE_DEBUG_INFO = NO;
				SDKROOT = iphoneos;
				SWIFT_OPTIMIZATION_LEVEL = "-Owholemodule";
				VALIDATE_PRODUCT = YES;
			};
			name = Release;
		};
		C2BAC5571F77671900FAFD52 /* Debug */ = {
			isa = XCBuildConfiguration;
			buildSettings = {
				ASSETCATALOG_COMPILER_APPICON_NAME = AppIcon;
				"CODE_SIGN_IDENTITY[sdk=iphoneos*]" = "iPhone Developer";
				CODE_SIGN_STYLE = Automatic;
				DEVELOPMENT_TEAM = DU483K8F48;
				INFOPLIST_FILE = "funfunspell web/Info.plist";
				IPHONEOS_DEPLOYMENT_TARGET = 10.3;
				LD_RUNPATH_SEARCH_PATHS = "$(inherited) @executable_path/Frameworks";
				PRODUCT_BUNDLE_IDENTIFIER = "com.esl.funfunspell-web";
				PRODUCT_NAME = "$(TARGET_NAME)";
				PROVISIONING_PROFILE_SPECIFIER = "";
				SWIFT_VERSION = 4.0;
				TARGETED_DEVICE_FAMILY = "1,2";
			};
			name = Debug;
		};
		C2BAC5581F77671900FAFD52 /* Release */ = {
			isa = XCBuildConfiguration;
			buildSettings = {
				ASSETCATALOG_COMPILER_APPICON_NAME = AppIcon;
				"CODE_SIGN_IDENTITY[sdk=iphoneos*]" = "iPhone Developer";
				CODE_SIGN_STYLE = Automatic;
				DEVELOPMENT_TEAM = DU483K8F48;
				INFOPLIST_FILE = "funfunspell web/Info.plist";
				IPHONEOS_DEPLOYMENT_TARGET = 10.3;
				LD_RUNPATH_SEARCH_PATHS = "$(inherited) @executable_path/Frameworks";
				PRODUCT_BUNDLE_IDENTIFIER = "com.esl.funfunspell-web";
				PRODUCT_NAME = "$(TARGET_NAME)";
				PROVISIONING_PROFILE_SPECIFIER = "";
				SWIFT_VERSION = 4.0;
				TARGETED_DEVICE_FAMILY = "1,2";
			};
			name = Release;
		};
/* End XCBuildConfiguration section */

/* Begin XCConfigurationList section */
		C2BAC53F1F77671900FAFD52 /* Build configuration list for PBXProject "funfunspell web" */ = {
			isa = XCConfigurationList;
			buildConfigurations = (
				C2BAC5541F77671900FAFD52 /* Debug */,
				C2BAC5551F77671900FAFD52 /* Release */,
			);
			defaultConfigurationIsVisible = 0;
			defaultConfigurationName = Release;
		};
		C2BAC5561F77671900FAFD52 /* Build configuration list for PBXNativeTarget "funfunspell web" */ = {
			isa = XCConfigurationList;
			buildConfigurations = (
				C2BAC5571F77671900FAFD52 /* Debug */,
				C2BAC5581F77671900FAFD52 /* Release */,
			);
			defaultConfigurationIsVisible = 0;
			defaultConfigurationName = Release;
		};
/* End XCConfigurationList section */
	};
	rootObject = C2BAC53C1F77671900FAFD52 /* Project object */;
}
